// !$*UTF8*$!
{
	archiveVersion = 1;
	classes = {
	};
	objectVersion = 46;
	objects = {

/* Begin PBXBuildFile section */
		436B8F251EA1110F0037236B /* CapturingOperation.swift in Sources */ = {isa = PBXBuildFile; fileRef = 436B8F241EA1110F0037236B /* CapturingOperation.swift */; };
		43A3AD5A1EA0E11400A5C10B /* CapturingTheCallbackQueue_ExampleTests.swift in Sources */ = {isa = PBXBuildFile; fileRef = 43A3AD591EA0E11400A5C10B /* CapturingTheCallbackQueue_ExampleTests.swift */; };
		43D7F4B41EA0E18B00D95D35 /* AppDelegate.swift in Sources */ = {isa = PBXBuildFile; fileRef = 43D7F4A91EA0E18B00D95D35 /* AppDelegate.swift */; };
		43D7F4B61EA0E18B00D95D35 /* Assets.xcassets in Resources */ = {isa = PBXBuildFile; fileRef = 43D7F4AC1EA0E18B00D95D35 /* Assets.xcassets */; };
		43D7F4B71EA0E18B00D95D35 /* LaunchScreen.storyboard in Resources */ = {isa = PBXBuildFile; fileRef = 43D7F4AE1EA0E18B00D95D35 /* LaunchScreen.storyboard */; };
		43D7F4B81EA0E18B00D95D35 /* Main.storyboard in Resources */ = {isa = PBXBuildFile; fileRef = 43D7F4B01EA0E18B00D95D35 /* Main.storyboard */; };
		43D7F4B91EA0E18B00D95D35 /* ViewController.swift in Sources */ = {isa = PBXBuildFile; fileRef = 43D7F4B31EA0E18B00D95D35 /* ViewController.swift */; };
/* End PBXBuildFile section */

/* Begin PBXContainerItemProxy section */
		43A3AD561EA0E11400A5C10B /* PBXContainerItemProxy */ = {
			isa = PBXContainerItemProxy;
			containerPortal = 43A3AD391EA0E11400A5C10B /* Project object */;
			proxyType = 1;
			remoteGlobalIDString = 43A3AD401EA0E11400A5C10B;
			remoteInfo = "CapturingTheCallbackQueue-Example";
		};
/* End PBXContainerItemProxy section */

/* Begin PBXFileReference section */
		436B8F241EA1110F0037236B /* CapturingOperation.swift */ = {isa = PBXFileReference; fileEncoding = 4; lastKnownFileType = sourcecode.swift; path = CapturingOperation.swift; sourceTree = "<group>"; };
		43A3AD411EA0E11400A5C10B /* CapturingTheCallbackQueue-Example.app */ = {isa = PBXFileReference; explicitFileType = wrapper.application; includeInIndex = 0; path = "CapturingTheCallbackQueue-Example.app"; sourceTree = BUILT_PRODUCTS_DIR; };
		43A3AD551EA0E11400A5C10B /* CapturingTheCallbackQueue-ExampleTests.xctest */ = {isa = PBXFileReference; explicitFileType = wrapper.cfbundle; includeInIndex = 0; path = "CapturingTheCallbackQueue-ExampleTests.xctest"; sourceTree = BUILT_PRODUCTS_DIR; };
		43A3AD591EA0E11400A5C10B /* CapturingTheCallbackQueue_ExampleTests.swift */ = {isa = PBXFileReference; lastKnownFileType = sourcecode.swift; path = CapturingTheCallbackQueue_ExampleTests.swift; sourceTree = "<group>"; };
		43A3AD5B1EA0E11400A5C10B /* Info.plist */ = {isa = PBXFileReference; lastKnownFileType = text.plist.xml; path = Info.plist; sourceTree = "<group>"; };
		43D7F4A91EA0E18B00D95D35 /* AppDelegate.swift */ = {isa = PBXFileReference; fileEncoding = 4; lastKnownFileType = sourcecode.swift; path = AppDelegate.swift; sourceTree = "<group>"; };
		43D7F4AA1EA0E18B00D95D35 /* Info.plist */ = {isa = PBXFileReference; fileEncoding = 4; lastKnownFileType = text.plist.xml; path = Info.plist; sourceTree = "<group>"; };
		43D7F4AC1EA0E18B00D95D35 /* Assets.xcassets */ = {isa = PBXFileReference; lastKnownFileType = folder.assetcatalog; path = Assets.xcassets; sourceTree = "<group>"; };
		43D7F4AF1EA0E18B00D95D35 /* Base */ = {isa = PBXFileReference; lastKnownFileType = file.storyboard; name = Base; path = Base.lproj/LaunchScreen.storyboard; sourceTree = "<group>"; };
		43D7F4B11EA0E18B00D95D35 /* Base */ = {isa = PBXFileReference; lastKnownFileType = file.storyboard; name = Base; path = Base.lproj/Main.storyboard; sourceTree = "<group>"; };
		43D7F4B31EA0E18B00D95D35 /* ViewController.swift */ = {isa = PBXFileReference; fileEncoding = 4; lastKnownFileType = sourcecode.swift; path = ViewController.swift; sourceTree = "<group>"; };
/* End PBXFileReference section */

/* Begin PBXFrameworksBuildPhase section */
		43A3AD3E1EA0E11400A5C10B /* Frameworks */ = {
			isa = PBXFrameworksBuildPhase;
			buildActionMask = 2147483647;
			files = (
			);
			runOnlyForDeploymentPostprocessing = 0;
		};
		43A3AD521EA0E11400A5C10B /* Frameworks */ = {
			isa = PBXFrameworksBuildPhase;
			buildActionMask = 2147483647;
			files = (
			);
			runOnlyForDeploymentPostprocessing = 0;
		};
/* End PBXFrameworksBuildPhase section */

/* Begin PBXGroup section */
		436B8F1A1EA10A9E0037236B /* Operations */ = {
			isa = PBXGroup;
			children = (
				436B8F241EA1110F0037236B /* CapturingOperation.swift */,
			);
			path = Operations;
			sourceTree = "<group>";
		};
		43A3AD381EA0E11400A5C10B = {
			isa = PBXGroup;
			children = (
				43A3AD431EA0E11400A5C10B /* CapturingTheCallbackQueue-Example */,
				43A3AD581EA0E11400A5C10B /* CapturingTheCallbackQueue-ExampleTests */,
				43A3AD421EA0E11400A5C10B /* Products */,
			);
			sourceTree = "<group>";
		};
		43A3AD421EA0E11400A5C10B /* Products */ = {
			isa = PBXGroup;
			children = (
				43A3AD411EA0E11400A5C10B /* CapturingTheCallbackQueue-Example.app */,
				43A3AD551EA0E11400A5C10B /* CapturingTheCallbackQueue-ExampleTests.xctest */,
			);
			name = Products;
			sourceTree = "<group>";
		};
		43A3AD431EA0E11400A5C10B /* CapturingTheCallbackQueue-Example */ = {
			isa = PBXGroup;
			children = (
				43D7F4A81EA0E18B00D95D35 /* Application */,
				436B8F1A1EA10A9E0037236B /* Operations */,
				43D7F4AB1EA0E18B00D95D35 /* Resources */,
				43D7F4AD1EA0E18B00D95D35 /* Storyboards */,
				43D7F4B21EA0E18B00D95D35 /* ViewControllers */,
			);
			path = "CapturingTheCallbackQueue-Example";
			sourceTree = "<group>";
		};
		43A3AD581EA0E11400A5C10B /* CapturingTheCallbackQueue-ExampleTests */ = {
			isa = PBXGroup;
			children = (
				43A3AD591EA0E11400A5C10B /* CapturingTheCallbackQueue_ExampleTests.swift */,
				43A3AD5B1EA0E11400A5C10B /* Info.plist */,
			);
			path = "CapturingTheCallbackQueue-ExampleTests";
			sourceTree = "<group>";
		};
		43D7F4A81EA0E18B00D95D35 /* Application */ = {
			isa = PBXGroup;
			children = (
				43D7F4A91EA0E18B00D95D35 /* AppDelegate.swift */,
				43D7F4AA1EA0E18B00D95D35 /* Info.plist */,
			);
			path = Application;
			sourceTree = "<group>";
		};
		43D7F4AB1EA0E18B00D95D35 /* Resources */ = {
			isa = PBXGroup;
			children = (
				43D7F4AC1EA0E18B00D95D35 /* Assets.xcassets */,
			);
			path = Resources;
			sourceTree = "<group>";
		};
		43D7F4AD1EA0E18B00D95D35 /* Storyboards */ = {
			isa = PBXGroup;
			children = (
				43D7F4AE1EA0E18B00D95D35 /* LaunchScreen.storyboard */,
				43D7F4B01EA0E18B00D95D35 /* Main.storyboard */,
			);
			path = Storyboards;
			sourceTree = "<group>";
		};
		43D7F4B21EA0E18B00D95D35 /* ViewControllers */ = {
			isa = PBXGroup;
			children = (
				43D7F4B31EA0E18B00D95D35 /* ViewController.swift */,
			);
			path = ViewControllers;
			sourceTree = "<group>";
		};
/* End PBXGroup section */

/* Begin PBXNativeTarget section */
		43A3AD401EA0E11400A5C10B /* CapturingTheCallbackQueue-Example */ = {
			isa = PBXNativeTarget;
			buildConfigurationList = 43A3AD5E1EA0E11400A5C10B /* Build configuration list for PBXNativeTarget "CapturingTheCallbackQueue-Example" */;
			buildPhases = (
				43A3AD3D1EA0E11400A5C10B /* Sources */,
				43A3AD3E1EA0E11400A5C10B /* Frameworks */,
				43A3AD3F1EA0E11400A5C10B /* Resources */,
			);
			buildRules = (
			);
			dependencies = (
			);
			name = "CapturingTheCallbackQueue-Example";
			productName = "CapturingTheCallbackQueue-Example";
			productReference = 43A3AD411EA0E11400A5C10B /* CapturingTheCallbackQueue-Example.app */;
			productType = "com.apple.product-type.application";
		};
		43A3AD541EA0E11400A5C10B /* CapturingTheCallbackQueue-ExampleTests */ = {
			isa = PBXNativeTarget;
			buildConfigurationList = 43A3AD611EA0E11400A5C10B /* Build configuration list for PBXNativeTarget "CapturingTheCallbackQueue-ExampleTests" */;
			buildPhases = (
				43A3AD511EA0E11400A5C10B /* Sources */,
				43A3AD521EA0E11400A5C10B /* Frameworks */,
				43A3AD531EA0E11400A5C10B /* Resources */,
			);
			buildRules = (
			);
			dependencies = (
				43A3AD571EA0E11400A5C10B /* PBXTargetDependency */,
			);
			name = "CapturingTheCallbackQueue-ExampleTests";
			productName = "CapturingTheCallbackQueue-ExampleTests";
			productReference = 43A3AD551EA0E11400A5C10B /* CapturingTheCallbackQueue-ExampleTests.xctest */;
			productType = "com.apple.product-type.bundle.unit-test";
		};
/* End PBXNativeTarget section */

/* Begin PBXProject section */
		43A3AD391EA0E11400A5C10B /* Project object */ = {
			isa = PBXProject;
			attributes = {
				LastSwiftUpdateCheck = 0830;
				LastUpgradeCheck = 1030;
				ORGANIZATIONNAME = "William Boles";
				TargetAttributes = {
					43A3AD401EA0E11400A5C10B = {
						CreatedOnToolsVersion = 8.3.1;
						ProvisioningStyle = Automatic;
					};
					43A3AD541EA0E11400A5C10B = {
						CreatedOnToolsVersion = 8.3.1;
						ProvisioningStyle = Automatic;
						TestTargetID = 43A3AD401EA0E11400A5C10B;
					};
				};
			};
			buildConfigurationList = 43A3AD3C1EA0E11400A5C10B /* Build configuration list for PBXProject "CapturingTheCallbackQueue-Example" */;
			compatibilityVersion = "Xcode 3.2";
			developmentRegion = en;
			hasScannedForEncodings = 0;
			knownRegions = (
				en,
				Base,
			);
			mainGroup = 43A3AD381EA0E11400A5C10B;
			productRefGroup = 43A3AD421EA0E11400A5C10B /* Products */;
			projectDirPath = "";
			projectRoot = "";
			targets = (
				43A3AD401EA0E11400A5C10B /* CapturingTheCallbackQueue-Example */,
				43A3AD541EA0E11400A5C10B /* CapturingTheCallbackQueue-ExampleTests */,
			);
		};
/* End PBXProject section */

/* Begin PBXResourcesBuildPhase section */
		43A3AD3F1EA0E11400A5C10B /* Resources */ = {
			isa = PBXResourcesBuildPhase;
			buildActionMask = 2147483647;
			files = (
				43D7F4B71EA0E18B00D95D35 /* LaunchScreen.storyboard in Resources */,
				43D7F4B61EA0E18B00D95D35 /* Assets.xcassets in Resources */,
				43D7F4B81EA0E18B00D95D35 /* Main.storyboard in Resources */,
			);
			runOnlyForDeploymentPostprocessing = 0;
		};
		43A3AD531EA0E11400A5C10B /* Resources */ = {
			isa = PBXResourcesBuildPhase;
			buildActionMask = 2147483647;
			files = (
			);
			runOnlyForDeploymentPostprocessing = 0;
		};
/* End PBXResourcesBuildPhase section */

/* Begin PBXSourcesBuildPhase section */
		43A3AD3D1EA0E11400A5C10B /* Sources */ = {
			isa = PBXSourcesBuildPhase;
			buildActionMask = 2147483647;
			files = (
				43D7F4B91EA0E18B00D95D35 /* ViewController.swift in Sources */,
				43D7F4B41EA0E18B00D95D35 /* AppDelegate.swift in Sources */,
				436B8F251EA1110F0037236B /* CapturingOperation.swift in Sources */,
			);
			runOnlyForDeploymentPostprocessing = 0;
		};
		43A3AD511EA0E11400A5C10B /* Sources */ = {
			isa = PBXSourcesBuildPhase;
			buildActionMask = 2147483647;
			files = (
				43A3AD5A1EA0E11400A5C10B /* CapturingTheCallbackQueue_ExampleTests.swift in Sources */,
			);
			runOnlyForDeploymentPostprocessing = 0;
		};
/* End PBXSourcesBuildPhase section */

/* Begin PBXTargetDependency section */
		43A3AD571EA0E11400A5C10B /* PBXTargetDependency */ = {
			isa = PBXTargetDependency;
			target = 43A3AD401EA0E11400A5C10B /* CapturingTheCallbackQueue-Example */;
			targetProxy = 43A3AD561EA0E11400A5C10B /* PBXContainerItemProxy */;
		};
/* End PBXTargetDependency section */

/* Begin PBXVariantGroup section */
		43D7F4AE1EA0E18B00D95D35 /* LaunchScreen.storyboard */ = {
			isa = PBXVariantGroup;
			children = (
				43D7F4AF1EA0E18B00D95D35 /* Base */,
			);
			name = LaunchScreen.storyboard;
			sourceTree = "<group>";
		};
		43D7F4B01EA0E18B00D95D35 /* Main.storyboard */ = {
			isa = PBXVariantGroup;
			children = (
				43D7F4B11EA0E18B00D95D35 /* Base */,
			);
			name = Main.storyboard;
			sourceTree = "<group>";
		};
/* End PBXVariantGroup section */

/* Begin XCBuildConfiguration section */
		43A3AD5C1EA0E11400A5C10B /* Debug */ = {
			isa = XCBuildConfiguration;
			buildSettings = {
				ALWAYS_SEARCH_USER_PATHS = NO;
				CLANG_ANALYZER_LOCALIZABILITY_NONLOCALIZED = YES;
				CLANG_ANALYZER_NONNULL = YES;
				CLANG_ANALYZER_NUMBER_OBJECT_CONVERSION = YES_AGGRESSIVE;
				CLANG_CXX_LANGUAGE_STANDARD = "gnu++0x";
				CLANG_CXX_LIBRARY = "libc++";
				CLANG_ENABLE_MODULES = YES;
				CLANG_ENABLE_OBJC_ARC = YES;
				CLANG_WARN_BLOCK_CAPTURE_AUTORELEASING = YES;
				CLANG_WARN_BOOL_CONVERSION = YES;
				CLANG_WARN_COMMA = YES;
				CLANG_WARN_CONSTANT_CONVERSION = YES;
				CLANG_WARN_DEPRECATED_OBJC_IMPLEMENTATIONS = YES;
				CLANG_WARN_DIRECT_OBJC_ISA_USAGE = YES_ERROR;
				CLANG_WARN_DOCUMENTATION_COMMENTS = YES;
				CLANG_WARN_EMPTY_BODY = YES;
				CLANG_WARN_ENUM_CONVERSION = YES;
				CLANG_WARN_INFINITE_RECURSION = YES;
				CLANG_WARN_INT_CONVERSION = YES;
				CLANG_WARN_NON_LITERAL_NULL_CONVERSION = YES;
				CLANG_WARN_OBJC_IMPLICIT_RETAIN_SELF = YES;
				CLANG_WARN_OBJC_LITERAL_CONVERSION = YES;
				CLANG_WARN_OBJC_ROOT_CLASS = YES_ERROR;
				CLANG_WARN_RANGE_LOOP_ANALYSIS = YES;
				CLANG_WARN_STRICT_PROTOTYPES = YES;
				CLANG_WARN_SUSPICIOUS_MOVE = YES;
				CLANG_WARN_UNREACHABLE_CODE = YES;
				CLANG_WARN__DUPLICATE_METHOD_MATCH = YES;
				"CODE_SIGN_IDENTITY[sdk=iphoneos*]" = "iPhone Developer";
				COPY_PHASE_STRIP = NO;
				DEBUG_INFORMATION_FORMAT = dwarf;
				ENABLE_STRICT_OBJC_MSGSEND = YES;
				ENABLE_TESTABILITY = YES;
				GCC_C_LANGUAGE_STANDARD = gnu99;
				GCC_DYNAMIC_NO_PIC = NO;
				GCC_NO_COMMON_BLOCKS = YES;
				GCC_OPTIMIZATION_LEVEL = 0;
				GCC_PREPROCESSOR_DEFINITIONS = (
					"DEBUG=1",
					"$(inherited)",
				);
				GCC_WARN_64_TO_32_BIT_CONVERSION = YES;
				GCC_WARN_ABOUT_RETURN_TYPE = YES_ERROR;
				GCC_WARN_UNDECLARED_SELECTOR = YES;
				GCC_WARN_UNINITIALIZED_AUTOS = YES_AGGRESSIVE;
				GCC_WARN_UNUSED_FUNCTION = YES;
				GCC_WARN_UNUSED_VARIABLE = YES;
				IPHONEOS_DEPLOYMENT_TARGET = 10.3;
				MTL_ENABLE_DEBUG_INFO = YES;
				ONLY_ACTIVE_ARCH = YES;
				SDKROOT = iphoneos;
				SWIFT_ACTIVE_COMPILATION_CONDITIONS = DEBUG;
				SWIFT_OPTIMIZATION_LEVEL = "-Onone";
				SWIFT_VERSION = 5.0;
				TARGETED_DEVICE_FAMILY = "1,2";
			};
			name = Debug;
		};
		43A3AD5D1EA0E11400A5C10B /* Release */ = {
			isa = XCBuildConfiguration;
			buildSettings = {
				ALWAYS_SEARCH_USER_PATHS = NO;
				CLANG_ANALYZER_LOCALIZABILITY_NONLOCALIZED = YES;
				CLANG_ANALYZER_NONNULL = YES;
				CLANG_ANALYZER_NUMBER_OBJECT_CONVERSION = YES_AGGRESSIVE;
				CLANG_CXX_LANGUAGE_STANDARD = "gnu++0x";
				CLANG_CXX_LIBRARY = "libc++";
				CLANG_ENABLE_MODULES = YES;
				CLANG_ENABLE_OBJC_ARC = YES;
				CLANG_WARN_BLOCK_CAPTURE_AUTORELEASING = YES;
				CLANG_WARN_BOOL_CONVERSION = YES;
				CLANG_WARN_COMMA = YES;
				CLANG_WARN_CONSTANT_CONVERSION = YES;
				CLANG_WARN_DEPRECATED_OBJC_IMPLEMENTATIONS = YES;
				CLANG_WARN_DIRECT_OBJC_ISA_USAGE = YES_ERROR;
				CLANG_WARN_DOCUMENTATION_COMMENTS = YES;
				CLANG_WARN_EMPTY_BODY = YES;
				CLANG_WARN_ENUM_CONVERSION = YES;
				CLANG_WARN_INFINITE_RECURSION = YES;
				CLANG_WARN_INT_CONVERSION = YES;
				CLANG_WARN_NON_LITERAL_NULL_CONVERSION = YES;
				CLANG_WARN_OBJC_IMPLICIT_RETAIN_SELF = YES;
				CLANG_WARN_OBJC_LITERAL_CONVERSION = YES;
				CLANG_WARN_OBJC_ROOT_CLASS = YES_ERROR;
				CLANG_WARN_RANGE_LOOP_ANALYSIS = YES;
				CLANG_WARN_STRICT_PROTOTYPES = YES;
				CLANG_WARN_SUSPICIOUS_MOVE = YES;
				CLANG_WARN_UNREACHABLE_CODE = YES;
				CLANG_WARN__DUPLICATE_METHOD_MATCH = YES;
				"CODE_SIGN_IDENTITY[sdk=iphoneos*]" = "iPhone Developer";
				COPY_PHASE_STRIP = NO;
				DEBUG_INFORMATION_FORMAT = "dwarf-with-dsym";
				ENABLE_NS_ASSERTIONS = NO;
				ENABLE_STRICT_OBJC_MSGSEND = YES;
				GCC_C_LANGUAGE_STANDARD = gnu99;
				GCC_NO_COMMON_BLOCKS = YES;
				GCC_WARN_64_TO_32_BIT_CONVERSION = YES;
				GCC_WARN_ABOUT_RETURN_TYPE = YES_ERROR;
				GCC_WARN_UNDECLARED_SELECTOR = YES;
				GCC_WARN_UNINITIALIZED_AUTOS = YES_AGGRESSIVE;
				GCC_WARN_UNUSED_FUNCTION = YES;
				GCC_WARN_UNUSED_VARIABLE = YES;
				IPHONEOS_DEPLOYMENT_TARGET = 10.3;
				MTL_ENABLE_DEBUG_INFO = NO;
				SDKROOT = iphoneos;
				SWIFT_OPTIMIZATION_LEVEL = "-Owholemodule";
				SWIFT_VERSION = 5.0;
				TARGETED_DEVICE_FAMILY = "1,2";
				VALIDATE_PRODUCT = YES;
			};
			name = Release;
		};
		43A3AD5F1EA0E11400A5C10B /* Debug */ = {
			isa = XCBuildConfiguration;
			buildSettings = {
				ASSETCATALOG_COMPILER_APPICON_NAME = AppIcon;
				INFOPLIST_FILE = "CapturingTheCallbackQueue-Example/Application/Info.plist";
				LD_RUNPATH_SEARCH_PATHS = "$(inherited) @executable_path/Frameworks";
				PRODUCT_BUNDLE_IDENTIFIER = "Boles.CapturingTheCallbackQueue-Example";
				PRODUCT_NAME = "$(TARGET_NAME)";
				SWIFT_VERSION = 5.0;
			};
			name = Debug;
		};
		43A3AD601EA0E11400A5C10B /* Release */ = {
			isa = XCBuildConfiguration;
			buildSettings = {
				ASSETCATALOG_COMPILER_APPICON_NAME = AppIcon;
				INFOPLIST_FILE = "CapturingTheCallbackQueue-Example/Application/Info.plist";
				LD_RUNPATH_SEARCH_PATHS = "$(inherited) @executable_path/Frameworks";
				PRODUCT_BUNDLE_IDENTIFIER = "Boles.CapturingTheCallbackQueue-Example";
				PRODUCT_NAME = "$(TARGET_NAME)";
				SWIFT_VERSION = 5.0;
			};
			name = Release;
		};
		43A3AD621EA0E11400A5C10B /* Debug */ = {
			isa = XCBuildConfiguration;
			buildSettings = {
				ALWAYS_EMBED_SWIFT_STANDARD_LIBRARIES = YES;
				BUNDLE_LOADER = "$(TEST_HOST)";
				INFOPLIST_FILE = "CapturingTheCallbackQueue-ExampleTests/Info.plist";
				LD_RUNPATH_SEARCH_PATHS = "$(inherited) @executable_path/Frameworks @loader_path/Frameworks";
				PRODUCT_BUNDLE_IDENTIFIER = "Boles.CapturingTheCallbackQueue-ExampleTests";
				PRODUCT_NAME = "$(TARGET_NAME)";
				SWIFT_VERSION = 5.0;
				TEST_HOST = "$(BUILT_PRODUCTS_DIR)/CapturingTheCallbackQueue-Example.app/CapturingTheCallbackQueue-Example";
			};
			name = Debug;
		};
		43A3AD631EA0E11400A5C10B /* Release */ = {
			isa = XCBuildConfiguration;
			buildSettings = {
				ALWAYS_EMBED_SWIFT_STANDARD_LIBRARIES = YES;
				BUNDLE_LOADER = "$(TEST_HOST)";
				INFOPLIST_FILE = "CapturingTheCallbackQueue-ExampleTests/Info.plist";
				LD_RUNPATH_SEARCH_PATHS = "$(inherited) @executable_path/Frameworks @loader_path/Frameworks";
				PRODUCT_BUNDLE_IDENTIFIER = "Boles.CapturingTheCallbackQueue-ExampleTests";
				PRODUCT_NAME = "$(TARGET_NAME)";
				SWIFT_VERSION = 5.0;
				TEST_HOST = "$(BUILT_PRODUCTS_DIR)/CapturingTheCallbackQueue-Example.app/CapturingTheCallbackQueue-Example";
			};
			name = Release;
		};
/* End XCBuildConfiguration section */

/* Begin XCConfigurationList section */
		43A3AD3C1EA0E11400A5C10B /* Build configuration list for PBXProject "CapturingTheCallbackQueue-Example" */ = {
			isa = XCConfigurationList;
			buildConfigurations = (
				43A3AD5C1EA0E11400A5C10B /* Debug */,
				43A3AD5D1EA0E11400A5C10B /* Release */,
			);
			defaultConfigurationIsVisible = 0;
			defaultConfigurationName = Release;
		};
		43A3AD5E1EA0E11400A5C10B /* Build configuration list for PBXNativeTarget "CapturingTheCallbackQueue-Example" */ = {
			isa = XCConfigurationList;
			buildConfigurations = (
				43A3AD5F1EA0E11400A5C10B /* Debug */,
				43A3AD601EA0E11400A5C10B /* Release */,
			);
			defaultConfigurationIsVisible = 0;
			defaultConfigurationName = Release;
		};
		43A3AD611EA0E11400A5C10B /* Build configuration list for PBXNativeTarget "CapturingTheCallbackQueue-ExampleTests" */ = {
			isa = XCConfigurationList;
			buildConfigurations = (
				43A3AD621EA0E11400A5C10B /* Debug */,
				43A3AD631EA0E11400A5C10B /* Release */,
			);
			defaultConfigurationIsVisible = 0;
			defaultConfigurationName = Release;
		};
/* End XCConfigurationList section */
	};
	rootObject = 43A3AD391EA0E11400A5C10B /* Project object */;
}
